# THIS IS AN AUTOGENERATED FILE. DO NOT EDIT THIS FILE DIRECTLY.
# yarn lockfile v1


"@rollup/rollup-android-arm-eabi@4.53.2":
  version "4.53.2"
  resolved "https://registry.npmmirror.com/@rollup/rollup-android-arm-eabi/-/rollup-android-arm-eabi-4.53.2.tgz#7131f3d364805067fd5596302aad9ebef1434b32"
  integrity sha512-yDPzwsgiFO26RJA4nZo8I+xqzh7sJTZIWQOxn+/XOdPE31lAvLIYCKqjV+lNH/vxE2L2iH3plKxDCRK6i+CwhA==

"@rollup/rollup-android-arm64@4.53.2":
  version "4.53.2"
  resolved "https://registry.npmmirror.com/@rollup/rollup-android-arm64/-/rollup-android-arm64-4.53.2.tgz#7ede14d7fcf7c57821a2731c04b29ccc03145d82"
  integrity sha512-k8FontTxIE7b0/OGKeSN5B6j25EuppBcWM33Z19JoVT7UTXFSo3D9CdU39wGTeb29NO3XxpMNauh09B+Ibw+9g==

"@rollup/rollup-darwin-arm64@4.53.2":
  version "4.53.2"
  resolved "https://registry.npmmirror.com/@rollup/rollup-darwin-arm64/-/rollup-darwin-arm64-4.53.2.tgz#d59bf9ed582b38838e86a17f91720c17db6575b9"
  integrity sha512-A6s4gJpomNBtJ2yioj8bflM2oogDwzUiMl2yNJ2v9E7++sHrSrsQ29fOfn5DM/iCzpWcebNYEdXpaK4tr2RhfQ==

"@rollup/rollup-darwin-x64@4.53.2":
  version "4.53.2"
  resolved "https://registry.npmmirror.com/@rollup/rollup-darwin-x64/-/rollup-darwin-x64-4.53.2.tgz#a76278d9b9da9f84ea7909a14d93b915d5bbe01e"
  integrity sha512-e6XqVmXlHrBlG56obu9gDRPW3O3hLxpwHpLsBJvuI8qqnsrtSZ9ERoWUXtPOkY8c78WghyPHZdmPhHLWNdAGEw==

"@rollup/rollup-freebsd-arm64@4.53.2":
  version "4.53.2"
  resolved "https://registry.npmmirror.com/@rollup/rollup-freebsd-arm64/-/rollup-freebsd-arm64-4.53.2.tgz#1a94821a1f565b9eaa74187632d482e4c59a1707"
  integrity sha512-v0E9lJW8VsrwPux5Qe5CwmH/CF/2mQs6xU1MF3nmUxmZUCHazCjLgYvToOk+YuuUqLQBio1qkkREhxhc656ViA==

"@rollup/rollup-freebsd-x64@4.53.2":
  version "4.53.2"
  resolved "https://registry.npmmirror.com/@rollup/rollup-freebsd-x64/-/rollup-freebsd-x64-4.53.2.tgz#aad2274680106b2b6549b1e35e5d3a7a9f1f16af"
  integrity sha512-ClAmAPx3ZCHtp6ysl4XEhWU69GUB1D+s7G9YjHGhIGCSrsg00nEGRRZHmINYxkdoJehde8VIsDC5t9C0gb6yqA==

"@rollup/rollup-linux-arm-gnueabihf@4.53.2":
  version "4.53.2"
  resolved "https://registry.npmmirror.com/@rollup/rollup-linux-arm-gnueabihf/-/rollup-linux-arm-gnueabihf-4.53.2.tgz#100fe4306399ffeec47318a3c9b8c0e5e8b07ddb"
  integrity sha512-EPlb95nUsz6Dd9Qy13fI5kUPXNSljaG9FiJ4YUGU1O/Q77i5DYFW5KR8g1OzTcdZUqQQ1KdDqsTohdFVwCwjqg==

"@rollup/rollup-linux-arm-musleabihf@4.53.2":
  version "4.53.2"
  resolved "https://registry.npmmirror.com/@rollup/rollup-linux-arm-musleabihf/-/rollup-linux-arm-musleabihf-4.53.2.tgz#b84634952604b950e18fa11fddebde898c5928d8"
  integrity sha512-BOmnVW+khAUX+YZvNfa0tGTEMVVEerOxN0pDk2E6N6DsEIa2Ctj48FOMfNDdrwinocKaC7YXUZ1pHlKpnkja/Q==

"@rollup/rollup-linux-arm64-gnu@4.53.2":
  version "4.53.2"
  resolved "https://registry.npmmirror.com/@rollup/rollup-linux-arm64-gnu/-/rollup-linux-arm64-gnu-4.53.2.tgz#dad6f2fb41c2485f29a98e40e9bd78253255dbf3"
  integrity sha512-Xt2byDZ+6OVNuREgBXr4+CZDJtrVso5woFtpKdGPhpTPHcNG7D8YXeQzpNbFRxzTVqJf7kvPMCub/pcGUWgBjA==

"@rollup/rollup-linux-arm64-musl@4.53.2":
  version "4.53.2"
  resolved "https://registry.npmmirror.com/@rollup/rollup-linux-arm64-musl/-/rollup-linux-arm64-musl-4.53.2.tgz#0f3f77c8ce9fbf982f8a8378b70a73dc6704a706"
  integrity sha512-+LdZSldy/I9N8+klim/Y1HsKbJ3BbInHav5qE9Iy77dtHC/pibw1SR/fXlWyAk0ThnpRKoODwnAuSjqxFRDHUQ==

"@rollup/rollup-linux-loong64-gnu@4.53.2":
  version "4.53.2"
  resolved "https://registry.npmmirror.com/@rollup/rollup-linux-loong64-gnu/-/rollup-linux-loong64-gnu-4.53.2.tgz#870bb94e9dad28bb3124ba49bd733deaa6aa2635"
  integrity sha512-8ms8sjmyc1jWJS6WdNSA23rEfdjWB30LH8Wqj0Cqvv7qSHnvw6kgMMXRdop6hkmGPlyYBdRPkjJnj3KCUHV/uQ==

"@rollup/rollup-linux-ppc64-gnu@4.53.2":
  version "4.53.2"
  resolved "https://registry.npmmirror.com/@rollup/rollup-linux-ppc64-gnu/-/rollup-linux-ppc64-gnu-4.53.2.tgz#188427d11abefc6c9926e3870b3e032170f5577c"
  integrity sha512-3HRQLUQbpBDMmzoxPJYd3W6vrVHOo2cVW8RUo87Xz0JPJcBLBr5kZ1pGcQAhdZgX9VV7NbGNipah1omKKe23/g==

"@rollup/rollup-linux-riscv64-gnu@4.53.2":
  version "4.53.2"
  resolved "https://registry.npmmirror.com/@rollup/rollup-linux-riscv64-gnu/-/rollup-linux-riscv64-gnu-4.53.2.tgz#9dec6eadbbb5abd3b76fe624dc4f006913ff4a7f"
  integrity sha512-fMjKi+ojnmIvhk34gZP94vjogXNNUKMEYs+EDaB/5TG/wUkoeua7p7VCHnE6T2Tx+iaghAqQX8teQzcvrYpaQA==

"@rollup/rollup-linux-riscv64-musl@4.53.2":
  version "4.53.2"
  resolved "https://registry.npmmirror.com/@rollup/rollup-linux-riscv64-musl/-/rollup-linux-riscv64-musl-4.53.2.tgz#b26ba1c80b6f104dc5bd83ed83181fc0411a0c38"
  integrity sha512-XuGFGU+VwUUV5kLvoAdi0Wz5Xbh2SrjIxCtZj6Wq8MDp4bflb/+ThZsVxokM7n0pcbkEr2h5/pzqzDYI7cCgLQ==

"@rollup/rollup-linux-s390x-gnu@4.53.2":
  version "4.53.2"
  resolved "https://registry.npmmirror.com/@rollup/rollup-linux-s390x-gnu/-/rollup-linux-s390x-gnu-4.53.2.tgz#dc83647189b68ad8d56a956a6fcaa4ee9c728190"
  integrity sha512-w6yjZF0P+NGzWR3AXWX9zc0DNEGdtvykB03uhonSHMRa+oWA6novflo2WaJr6JZakG2ucsyb+rvhrKac6NIy+w==

"@rollup/rollup-linux-x64-gnu@4.53.2":
  version "4.53.2"
  resolved "https://registry.npmmirror.com/@rollup/rollup-linux-x64-gnu/-/rollup-linux-x64-gnu-4.53.2.tgz#42c3b8c94e9de37bd103cb2e26fb715118ef6459"
  integrity sha512-yo8d6tdfdeBArzC7T/PnHd7OypfI9cbuZzPnzLJIyKYFhAQ8SvlkKtKBMbXDxe1h03Rcr7u++nFS7tqXz87Gtw==

"@rollup/rollup-linux-x64-musl@4.53.2":
  version "4.53.2"
  resolved "https://registry.npmmirror.com/@rollup/rollup-linux-x64-musl/-/rollup-linux-x64-musl-4.53.2.tgz#d0e216ee1ea16bfafe35681b899b6a05258988e5"
  integrity sha512-ah59c1YkCxKExPP8O9PwOvs+XRLKwh/mV+3YdKqQ5AMQ0r4M4ZDuOrpWkUaqO7fzAHdINzV9tEVu8vNw48z0lA==

"@rollup/rollup-openharmony-arm64@4.53.2":
  version "4.53.2"
  resolved "https://registry.npmmirror.com/@rollup/rollup-openharmony-arm64/-/rollup-openharmony-arm64-4.53.2.tgz#3acd0157cb8976f659442bfd8a99aca46f8a2931"
  integrity sha512-4VEd19Wmhr+Zy7hbUsFZ6YXEiP48hE//KPLCSVNY5RMGX2/7HZ+QkN55a3atM1C/BZCGIgqN+xrVgtdak2S9+A==

"@rollup/rollup-win32-arm64-msvc@4.53.2":
  version "4.53.2"
  resolved "https://registry.npmmirror.com/@rollup/rollup-win32-arm64-msvc/-/rollup-win32-arm64-msvc-4.53.2.tgz#3eb9e7d4d0e1d2e0850c4ee9aa2d0ddf89a8effa"
  integrity sha512-IlbHFYc/pQCgew/d5fslcy1KEaYVCJ44G8pajugd8VoOEI8ODhtb/j8XMhLpwHCMB3yk2J07ctup10gpw2nyMA==

"@rollup/rollup-win32-ia32-msvc@4.53.2":
  version "4.53.2"
  resolved "https://registry.npmmirror.com/@rollup/rollup-win32-ia32-msvc/-/rollup-win32-ia32-msvc-4.53.2.tgz#d69280bc6680fe19e0956e965811946d542f6365"
  integrity sha512-lNlPEGgdUfSzdCWU176ku/dQRnA7W+Gp8d+cWv73jYrb8uT7HTVVxq62DUYxjbaByuf1Yk0RIIAbDzp+CnOTFg==

"@rollup/rollup-win32-x64-gnu@4.53.2":
  version "4.53.2"
  resolved "https://registry.npmmirror.com/@rollup/rollup-win32-x64-gnu/-/rollup-win32-x64-gnu-4.53.2.tgz#d182ce91e342bad9cbb8b284cf33ac542b126ead"
  integrity sha512-S6YojNVrHybQis2lYov1sd+uj7K0Q05NxHcGktuMMdIQ2VixGwAfbJ23NnlvvVV1bdpR2m5MsNBViHJKcA4ADw==

"@rollup/rollup-win32-x64-msvc@4.53.2":
  version "4.53.2"
  resolved "https://registry.npmmirror.com/@rollup/rollup-win32-x64-msvc/-/rollup-win32-x64-msvc-4.53.2.tgz#d9ab606437fd072b2cb7df7e54bcdc7f1ccbe8b4"
  integrity sha512-k+/Rkcyx//P6fetPoLMb8pBeqJBNGx81uuf7iljX9++yNBVRDQgD04L+SVXmXmh5ZP4/WOp4mWF0kmi06PW2tA==

"@types/estree@1.0.8":
  version "1.0.8"
  resolved "https://registry.npmmirror.com/@types/estree/-/estree-1.0.8.tgz#958b91c991b1867ced318bedea0e215ee050726e"
  integrity sha512-dWHzHa2WqEXI/O1E9OjrocMTKJl2mSrEolh1Iomrv6U+JuNwaHXsXx9bLu5gG7BUWFIN0skIQJQ/L1rIex4X6w==

fsevents@~2.3.2:
  version "2.3.3"
  resolved "https://registry.npmmirror.com/fsevents/-/fsevents-2.3.3.tgz#cac6407785d03675a2a5e1a5305c697b347d90d6"
  integrity sha512-5xoDfX+fL7faATnagmWPpbFtwh/R77WmMMqqHGS65C3vvB0YHrgF+B1YmZ3441tMj5n63k0212XNoJwzlhffQw==

rollup@^4.53.2:
  version "4.53.2"
  resolved "https://registry.npmmirror.com/rollup/-/rollup-4.53.2.tgz#98e73ee51e119cb9d88b07d026c959522416420a"
  integrity sha512-MHngMYwGJVi6Fmnk6ISmnk7JAHRNF0UkuucA0CUW3N3a4KnONPEZz+vUanQP/ZC/iY1Qkf3bwPWzyY84wEks1g==
  dependencies:
    "@types/estree" "1.0.8"
  optionalDependencies:
    "@rollup/rollup-android-arm-eabi" "4.53.2"
    "@rollup/rollup-android-arm64" "4.53.2"
    "@rollup/rollup-darwin-arm64" "4.53.2"
    "@rollup/rollup-darwin-x64" "4.53.2"
    "@rollup/rollup-freebsd-arm64" "4.53.2"
    "@rollup/rollup-freebsd-x64" "4.53.2"
    "@rollup/rollup-linux-arm-gnueabihf" "4.53.2"
    "@rollup/rollup-linux-arm-musleabihf" "4.53.2"
    "@rollup/rollup-linux-arm64-gnu" "4.53.2"
    "@rollup/rollup-linux-arm64-musl" "4.53.2"
    "@rollup/rollup-linux-loong64-gnu" "4.53.2"
    "@rollup/rollup-linux-ppc64-gnu" "4.53.2"
    "@rollup/rollup-linux-riscv64-gnu" "4.53.2"
    "@rollup/rollup-linux-riscv64-musl" "4.53.2"
    "@rollup/rollup-linux-s390x-gnu" "4.53.2"
    "@rollup/rollup-linux-x64-gnu" "4.53.2"
    "@rollup/rollup-linux-x64-musl" "4.53.2"
    "@rollup/rollup-openharmony-arm64" "4.53.2"
    "@rollup/rollup-win32-arm64-msvc" "4.53.2"
    "@rollup/rollup-win32-ia32-msvc" "4.53.2"
    "@rollup/rollup-win32-x64-gnu" "4.53.2"
    "@rollup/rollup-win32-x64-msvc" "4.53.2"
    fsevents "~2.3.2"
